
Microsoft Visual Studio Solution File, Format Version 12.00
# Visual Studio Version 16
VisualStudioVersion = 16.0.30621.155
MinimumVisualStudioVersion = 10.0.40219.1
Project("{9A19103F-16F7-4668-BE54-9A1E7A4F7556}") = "BillApp.Web", "BillApp.Web\BillApp.Web.csproj", "{B51EC320-C2DB-483D-8641-F600C3DD83B9}"
EndProject
Project("{2150E333-8FDC-42A3-9474-1A3956D46DE8}") = "Data", "Data", "{75E281E9-C368-4FFF-8F5E-5DCD6A8EC648}"
EndProject
Project("{9A19103F-16F7-4668-BE54-9A1E7A4F7556}") = "BillApp.Data", "BillApp.Data\BillApp.Data.csproj", "{49D97B97-A7EE-4BE8-859C-711A117675AC}"
EndProject
Project("{9A19103F-16F7-4668-BE54-9A1E7A4F7556}") = "BillApp.Entity", "BillApp.Entity\BillApp.Entity.csproj", "{872718D1-A56A-4312-B6CF-41442ACE82BE}"
EndProject
Project("{9A19103F-16F7-4668-BE54-9A1E7A4F7556}") = "BillApp.Repository", "BillApp.Repository\BillApp.Repository.csproj", "{D6E0E65E-05AF-4CA9-A08C-2BEDF25C8885}"
EndProject
Project("{2150E333-8FDC-42A3-9474-1A3956D46DE8}") = "Prensentation", "Prensentation", "{C2F9DD51-1B6F-40AD-ACBE-8DCC32E81438}"
EndProject
Project("{2150E333-8FDC-42A3-9474-1A3956D46DE8}") = "Infrastructure", "Infrastructure", "{2589ABCE-F967-48BC-982F-E38EEBEBF9ED}"
EndProject
Project("{9A19103F-16F7-4668-BE54-9A1E7A4F7556}") = "BillApp.Dto", "BillApp.Dto\BillApp.Dto.csproj", "{DCAEC894-C662-4D68-BB11-27B051DA428F}"
EndProject
Project("{2150E333-8FDC-42A3-9474-1A3956D46DE8}") = "Crosscutting", "Crosscutting", "{1E922830-512A-45B8-A829-10E4AF681160}"
EndProject
Project("{9A19103F-16F7-4668-BE54-9A1E7A4F7556}") = "BillApp.Common", "BillApp.Common\BillApp.Common.csproj", "{1A091D8E-618C-4462-95BE-826C2336707C}"
EndProject
Project("{9A19103F-16F7-4668-BE54-9A1E7A4F7556}") = "BillApp.DataAccess", "BillApp.DataAccess\BillApp.DataAccess.csproj", "{96C29A13-B9BD-4D16-8437-F7F31D28CE7B}"
EndProject
Project("{9A19103F-16F7-4668-BE54-9A1E7A4F7556}") = "BillApp.Business", "BillApp.Business\BillApp.Business.csproj", "{024F21BC-5AF0-4B7A-8BF6-EBBEFED24709}"
EndProject
Project("{9A19103F-16F7-4668-BE54-9A1E7A4F7556}") = "BillApp.IoC", "BillApp.IoC\BillApp.IoC.csproj", "{00C36DFD-F4B2-4ECC-BC87-D7B89BDEB31A}"
EndProject
Project("{9A19103F-16F7-4668-BE54-9A1E7A4F7556}") = "BillApp.UnitOfWork", "BillApp.UnitOfWork\BillApp.UnitOfWork.csproj", "{D28FA4F2-E27A-485F-A051-53D73886D8E3}"
EndProject
Project("{FAE04EC0-301F-11D3-BF4B-00C04F79EFBC}") = "BillApp.Validation", "BillApp.Validation\BillApp.Validation.csproj", "{41FE541D-565A-477A-B4F9-13CD6BEF6AC7}"
EndProject
Project("{FAE04EC0-301F-11D3-BF4B-00C04F79EFBC}") = "BillApp.Caching", "BillApp.Caching\BillApp.Caching.csproj", "{5655AED6-5125-4043-A977-25791FFC8FB1}"
EndProject
Global
	GlobalSection(SolutionConfigurationPlatforms) = preSolution
		Debug|Any CPU = Debug|Any CPU
		Release|Any CPU = Release|Any CPU
	EndGlobalSection
	GlobalSection(ProjectConfigurationPlatforms) = postSolution
		{B51EC320-C2DB-483D-8641-F600C3DD83B9}.Debug|Any CPU.ActiveCfg = Debug|Any CPU
		{B51EC320-C2DB-483D-8641-F600C3DD83B9}.Debug|Any CPU.Build.0 = Debug|Any CPU
		{B51EC320-C2DB-483D-8641-F600C3DD83B9}.Release|Any CPU.ActiveCfg = Release|Any CPU
		{B51EC320-C2DB-483D-8641-F600C3DD83B9}.Release|Any CPU.Build.0 = Release|Any CPU
		{49D97B97-A7EE-4BE8-859C-711A117675AC}.Debug|Any CPU.ActiveCfg = Debug|Any CPU
		{49D97B97-A7EE-4BE8-859C-711A117675AC}.Debug|Any CPU.Build.0 = Debug|Any CPU
		{49D97B97-A7EE-4BE8-859C-711A117675AC}.Release|Any CPU.ActiveCfg = Release|Any CPU
		{49D97B97-A7EE-4BE8-859C-711A117675AC}.Release|Any CPU.Build.0 = Release|Any CPU
		{872718D1-A56A-4312-B6CF-41442ACE82BE}.Debug|Any CPU.ActiveCfg = Debug|Any CPU
		{872718D1-A56A-4312-B6CF-41442ACE82BE}.Debug|Any CPU.Build.0 = Debug|Any CPU
		{872718D1-A56A-4312-B6CF-41442ACE82BE}.Release|Any CPU.ActiveCfg = Release|Any CPU
		{872718D1-A56A-4312-B6CF-41442ACE82BE}.Release|Any CPU.Build.0 = Release|Any CPU
		{D6E0E65E-05AF-4CA9-A08C-2BEDF25C8885}.Debug|Any CPU.ActiveCfg = Debug|Any CPU
		{D6E0E65E-05AF-4CA9-A08C-2BEDF25C8885}.Debug|Any CPU.Build.0 = Debug|Any CPU
		{D6E0E65E-05AF-4CA9-A08C-2BEDF25C8885}.Release|Any CPU.ActiveCfg = Release|Any CPU
		{D6E0E65E-05AF-4CA9-A08C-2BEDF25C8885}.Release|Any CPU.Build.0 = Release|Any CPU
		{DCAEC894-C662-4D68-BB11-27B051DA428F}.Debug|Any CPU.ActiveCfg = Debug|Any CPU
		{DCAEC894-C662-4D68-BB11-27B051DA428F}.Debug|Any CPU.Build.0 = Debug|Any CPU
		{DCAEC894-C662-4D68-BB11-27B051DA428F}.Release|Any CPU.ActiveCfg = Release|Any CPU
		{DCAEC894-C662-4D68-BB11-27B051DA428F}.Release|Any CPU.Build.0 = Release|Any CPU
		{1A091D8E-618C-4462-95BE-826C2336707C}.Debug|Any CPU.ActiveCfg = Debug|Any CPU
		{1A091D8E-618C-4462-95BE-826C2336707C}.Debug|Any CPU.Build.0 = Debug|Any CPU
		{1A091D8E-618C-4462-95BE-826C2336707C}.Release|Any CPU.ActiveCfg = Release|Any CPU
		{1A091D8E-618C-4462-95BE-826C2336707C}.Release|Any CPU.Build.0 = Release|Any CPU
		{96C29A13-B9BD-4D16-8437-F7F31D28CE7B}.Debug|Any CPU.ActiveCfg = Debug|Any CPU
		{96C29A13-B9BD-4D16-8437-F7F31D28CE7B}.Debug|Any CPU.Build.0 = Debug|Any CPU
		{96C29A13-B9BD-4D16-8437-F7F31D28CE7B}.Release|Any CPU.ActiveCfg = Release|Any CPU
		{96C29A13-B9BD-4D16-8437-F7F31D28CE7B}.Release|Any CPU.Build.0 = Release|Any CPU
		{024F21BC-5AF0-4B7A-8BF6-EBBEFED24709}.Debug|Any CPU.ActiveCfg = Debug|Any CPU
		{024F21BC-5AF0-4B7A-8BF6-EBBEFED24709}.Debug|Any CPU.Build.0 = Debug|Any CPU
		{024F21BC-5AF0-4B7A-8BF6-EBBEFED24709}.Release|Any CPU.ActiveCfg = Release|Any CPU
		{024F21BC-5AF0-4B7A-8BF6-EBBEFED24709}.Release|Any CPU.Build.0 = Release|Any CPU
		{00C36DFD-F4B2-4ECC-BC87-D7B89BDEB31A}.Debug|Any CPU.ActiveCfg = Debug|Any CPU
		{00C36DFD-F4B2-4ECC-BC87-D7B89BDEB31A}.Debug|Any CPU.Build.0 = Debug|Any CPU
		{00C36DFD-F4B2-4ECC-BC87-D7B89BDEB31A}.Release|Any CPU.ActiveCfg = Release|Any CPU
		{00C36DFD-F4B2-4ECC-BC87-D7B89BDEB31A}.Release|Any CPU.Build.0 = Release|Any CPU
		{D28FA4F2-E27A-485F-A051-53D73886D8E3}.Debug|Any CPU.ActiveCfg = Debug|Any CPU
		{D28FA4F2-E27A-485F-A051-53D73886D8E3}.Debug|Any CPU.Build.0 = Debug|Any CPU
		{D28FA4F2-E27A-485F-A051-53D73886D8E3}.Release|Any CPU.ActiveCfg = Release|Any CPU
		{D28FA4F2-E27A-485F-A051-53D73886D8E3}.Release|Any CPU.Build.0 = Release|Any CPU
		{41FE541D-565A-477A-B4F9-13CD6BEF6AC7}.Debug|Any CPU.ActiveCfg = Debug|Any CPU
		{41FE541D-565A-477A-B4F9-13CD6BEF6AC7}.Debug|Any CPU.Build.0 = Debug|Any CPU
		{41FE541D-565A-477A-B4F9-13CD6BEF6AC7}.Release|Any CPU.ActiveCfg = Release|Any CPU
		{41FE541D-565A-477A-B4F9-13CD6BEF6AC7}.Release|Any CPU.Build.0 = Release|Any CPU
		{5655AED6-5125-4043-A977-25791FFC8FB1}.Debug|Any CPU.ActiveCfg = Debug|Any CPU
		{5655AED6-5125-4043-A977-25791FFC8FB1}.Debug|Any CPU.Build.0 = Debug|Any CPU
		{5655AED6-5125-4043-A977-25791FFC8FB1}.Release|Any CPU.ActiveCfg = Release|Any CPU
		{5655AED6-5125-4043-A977-25791FFC8FB1}.Release|Any CPU.Build.0 = Release|Any CPU
	EndGlobalSection
	GlobalSection(SolutionProperties) = preSolution
		HideSolutionNode = FALSE
	EndGlobalSection
	GlobalSection(NestedProjects) = preSolution
		{B51EC320-C2DB-483D-8641-F600C3DD83B9} = {C2F9DD51-1B6F-40AD-ACBE-8DCC32E81438}
		{49D97B97-A7EE-4BE8-859C-711A117675AC} = {75E281E9-C368-4FFF-8F5E-5DCD6A8EC648}
		{872718D1-A56A-4312-B6CF-41442ACE82BE} = {75E281E9-C368-4FFF-8F5E-5DCD6A8EC648}
		{D6E0E65E-05AF-4CA9-A08C-2BEDF25C8885} = {75E281E9-C368-4FFF-8F5E-5DCD6A8EC648}
		{DCAEC894-C662-4D68-BB11-27B051DA428F} = {2589ABCE-F967-48BC-982F-E38EEBEBF9ED}
		{1E922830-512A-45B8-A829-10E4AF681160} = {2589ABCE-F967-48BC-982F-E38EEBEBF9ED}
		{1A091D8E-618C-4462-95BE-826C2336707C} = {2589ABCE-F967-48BC-982F-E38EEBEBF9ED}
		{96C29A13-B9BD-4D16-8437-F7F31D28CE7B} = {2589ABCE-F967-48BC-982F-E38EEBEBF9ED}
		{024F21BC-5AF0-4B7A-8BF6-EBBEFED24709} = {2589ABCE-F967-48BC-982F-E38EEBEBF9ED}
		{00C36DFD-F4B2-4ECC-BC87-D7B89BDEB31A} = {1E922830-512A-45B8-A829-10E4AF681160}
		{D28FA4F2-E27A-485F-A051-53D73886D8E3} = {75E281E9-C368-4FFF-8F5E-5DCD6A8EC648}
		{41FE541D-565A-477A-B4F9-13CD6BEF6AC7} = {1E922830-512A-45B8-A829-10E4AF681160}
		{5655AED6-5125-4043-A977-25791FFC8FB1} = {1E922830-512A-45B8-A829-10E4AF681160}
	EndGlobalSection
	GlobalSection(ExtensibilityGlobals) = postSolution
		SolutionGuid = {1BD91FC9-3A82-44A4-A3C0-EA9D3C230965}
	EndGlobalSection
EndGlobal
